
Microsoft Visual Studio Solution File, Format Version 12.00
# Visual Studio Version 17
VisualStudioVersion = 17.8.34316.72
MinimumVisualStudioVersion = 10.0.40219.1
Project("{FAE04EC0-301F-11D3-BF4B-00C04F79EFBC}") = "API", "API\API.csproj", "{78826D90-D4A4-4B11-AF3F-93428E2BB308}"
EndProject
Project("{FAE04EC0-301F-11D3-BF4B-00C04F79EFBC}") = "StoreDAL", "StoreDAL\StoreDAL.csproj", "{0CD7B3B6-6470-476D-80C6-55C632614D9D}"
EndProject
Project("{FAE04EC0-301F-11D3-BF4B-00C04F79EFBC}") = "StoreBLL", "StoreBLL\StoreBLL.csproj", "{C0BF11B5-CF2E-4D90-8BDF-932DD27047CC}"
EndProject
Global
	GlobalSection(SolutionConfigurationPlatforms) = preSolution
		Debug|Any CPU = Debug|Any CPU
		Release|Any CPU = Release|Any CPU
	EndGlobalSection
	GlobalSection(ProjectConfigurationPlatforms) = postSolution
		{78826D90-D4A4-4B11-AF3F-93428E2BB308}.Debug|Any CPU.ActiveCfg = Debug|Any CPU
		{78826D90-D4A4-4B11-AF3F-93428E2BB308}.Debug|Any CPU.Build.0 = Debug|Any CPU
		{78826D90-D4A4-4B11-AF3F-93428E2BB308}.Release|Any CPU.ActiveCfg = Release|Any CPU
		{78826D90-D4A4-4B11-AF3F-93428E2BB308}.Release|Any CPU.Build.0 = Release|Any CPU
		{0CD7B3B6-6470-476D-80C6-55C632614D9D}.Debug|Any CPU.ActiveCfg = Debug|Any CPU
		{0CD7B3B6-6470-476D-80C6-55C632614D9D}.Debug|Any CPU.Build.0 = Debug|Any CPU
		{0CD7B3B6-6470-476D-80C6-55C632614D9D}.Release|Any CPU.ActiveCfg = Release|Any CPU
		{0CD7B3B6-6470-476D-80C6-55C632614D9D}.Release|Any CPU.Build.0 = Release|Any CPU
		{C0BF11B5-CF2E-4D90-8BDF-932DD27047CC}.Debug|Any CPU.ActiveCfg = Debug|Any CPU
		{C0BF11B5-CF2E-4D90-8BDF-932DD27047CC}.Debug|Any CPU.Build.0 = Debug|Any CPU
		{C0BF11B5-CF2E-4D90-8BDF-932DD27047CC}.Release|Any CPU.ActiveCfg = Release|Any CPU
		{C0BF11B5-CF2E-4D90-8BDF-932DD27047CC}.Release|Any CPU.Build.0 = Release|Any CPU
	EndGlobalSection
	GlobalSection(SolutionProperties) = preSolution
		HideSolutionNode = FALSE
	EndGlobalSection
	GlobalSection(ExtensibilityGlobals) = postSolution
		SolutionGuid = {13C863A0-B95A-4180-8BFA-5A12D49344E3}
	EndGlobalSection
EndGlobal
